// !$*UTF8*$!
{
	archiveVersion = 1;
	classes = {
	};
	objectVersion = 51;
	objects = {

/* Begin PBXBuildFile section */
		4525A28BCD7C3C1810613D96 /* Pods_AutoCare.framework in Frameworks */ = {isa = PBXBuildFile; fileRef = 9668954C6AB8289F3C3BB9A1 /* Pods_AutoCare.framework */; };
		AB3CB59623A50FB9008D5806 /* AppDelegate.swift in Sources */ = {isa = PBXBuildFile; fileRef = AB3CB59523A50FB9008D5806 /* AppDelegate.swift */; };
		AB3CB59823A50FB9008D5806 /* SceneDelegate.swift in Sources */ = {isa = PBXBuildFile; fileRef = AB3CB59723A50FB9008D5806 /* SceneDelegate.swift */; };
		AB3CB59D23A50FB9008D5806 /* Main.storyboard in Resources */ = {isa = PBXBuildFile; fileRef = AB3CB59B23A50FB9008D5806 /* Main.storyboard */; };
		AB3CB59F23A50FBA008D5806 /* Assets.xcassets in Resources */ = {isa = PBXBuildFile; fileRef = AB3CB59E23A50FBA008D5806 /* Assets.xcassets */; };
		AB3CB5A223A50FBA008D5806 /* LaunchScreen.storyboard in Resources */ = {isa = PBXBuildFile; fileRef = AB3CB5A023A50FBA008D5806 /* LaunchScreen.storyboard */; };
		AB3CB5C623A56BCE008D5806 /* GoogleService-Info.plist in Resources */ = {isa = PBXBuildFile; fileRef = AB3CB5C523A56BCE008D5806 /* GoogleService-Info.plist */; };
		AB3CB5C823A582EF008D5806 /* BrandCollectionViewController.swift in Sources */ = {isa = PBXBuildFile; fileRef = AB3CB5C723A582EF008D5806 /* BrandCollectionViewController.swift */; };
		AB3CB5CA23A583A9008D5806 /* BrandCollectionViewCell.swift in Sources */ = {isa = PBXBuildFile; fileRef = AB3CB5C923A583A9008D5806 /* BrandCollectionViewCell.swift */; };
		AB3CB5CE23A58763008D5806 /* FirebaseCollectionReferences.swift in Sources */ = {isa = PBXBuildFile; fileRef = AB3CB5CD23A58763008D5806 /* FirebaseCollectionReferences.swift */; };
		AB3CB5D623A58D8E008D5806 /* Constants.swift in Sources */ = {isa = PBXBuildFile; fileRef = AB3CB5D523A58D8E008D5806 /* Constants.swift */; };
		AB3CB5D823A630C7008D5806 /* Brand.swift in Sources */ = {isa = PBXBuildFile; fileRef = AB3CB5D723A630C7008D5806 /* Brand.swift */; };
		AB3CB5DA23A63965008D5806 /* Category.swift in Sources */ = {isa = PBXBuildFile; fileRef = AB3CB5D923A63965008D5806 /* Category.swift */; };
		AB3CB5E023A678C4008D5806 /* CategoryCollectionViewCell.swift in Sources */ = {isa = PBXBuildFile; fileRef = AB3CB5DF23A678C4008D5806 /* CategoryCollectionViewCell.swift */; };
		AB3CB5E223A678F0008D5806 /* CategoryCollectionViewController.swift in Sources */ = {isa = PBXBuildFile; fileRef = AB3CB5E123A678F0008D5806 /* CategoryCollectionViewController.swift */; };
/* End PBXBuildFile section */

/* Begin PBXFileReference section */
		44FF3078CF73A44BCCFBA073 /* Pods-AutoCareTests.release.xcconfig */ = {isa = PBXFileReference; includeInIndex = 1; lastKnownFileType = text.xcconfig; name = "Pods-AutoCareTests.release.xcconfig"; path = "Target Support Files/Pods-AutoCareTests/Pods-AutoCareTests.release.xcconfig"; sourceTree = "<group>"; };
		616973A8CA8207D4A0C09810 /* Pods-AutoCare-AutoCareUITests.debug.xcconfig */ = {isa = PBXFileReference; includeInIndex = 1; lastKnownFileType = text.xcconfig; name = "Pods-AutoCare-AutoCareUITests.debug.xcconfig"; path = "Target Support Files/Pods-AutoCare-AutoCareUITests/Pods-AutoCare-AutoCareUITests.debug.xcconfig"; sourceTree = "<group>"; };
		78B694D2888FFD476F5607BF /* Pods_AutoCare_AutoCareUITests.framework */ = {isa = PBXFileReference; explicitFileType = wrapper.framework; includeInIndex = 0; path = Pods_AutoCare_AutoCareUITests.framework; sourceTree = BUILT_PRODUCTS_DIR; };
		9668954C6AB8289F3C3BB9A1 /* Pods_AutoCare.framework */ = {isa = PBXFileReference; explicitFileType = wrapper.framework; includeInIndex = 0; path = Pods_AutoCare.framework; sourceTree = BUILT_PRODUCTS_DIR; };
		9A8503B30BC2A1592FDE3F0D /* Pods-AutoCare-AutoCareUITests.release.xcconfig */ = {isa = PBXFileReference; includeInIndex = 1; lastKnownFileType = text.xcconfig; name = "Pods-AutoCare-AutoCareUITests.release.xcconfig"; path = "Target Support Files/Pods-AutoCare-AutoCareUITests/Pods-AutoCare-AutoCareUITests.release.xcconfig"; sourceTree = "<group>"; };
		A003338863156400190851D9 /* Pods_AutoCareTests.framework */ = {isa = PBXFileReference; explicitFileType = wrapper.framework; includeInIndex = 0; path = Pods_AutoCareTests.framework; sourceTree = BUILT_PRODUCTS_DIR; };
		AB3CB59223A50FB9008D5806 /* AutoCare.app */ = {isa = PBXFileReference; explicitFileType = wrapper.application; includeInIndex = 0; path = AutoCare.app; sourceTree = BUILT_PRODUCTS_DIR; };
		AB3CB59523A50FB9008D5806 /* AppDelegate.swift */ = {isa = PBXFileReference; lastKnownFileType = sourcecode.swift; path = AppDelegate.swift; sourceTree = "<group>"; };
		AB3CB59723A50FB9008D5806 /* SceneDelegate.swift */ = {isa = PBXFileReference; lastKnownFileType = sourcecode.swift; path = SceneDelegate.swift; sourceTree = "<group>"; };
		AB3CB59C23A50FB9008D5806 /* Base */ = {isa = PBXFileReference; lastKnownFileType = file.storyboard; name = Base; path = Base.lproj/Main.storyboard; sourceTree = "<group>"; };
		AB3CB59E23A50FBA008D5806 /* Assets.xcassets */ = {isa = PBXFileReference; lastKnownFileType = folder.assetcatalog; path = Assets.xcassets; sourceTree = "<group>"; };
		AB3CB5A123A50FBA008D5806 /* Base */ = {isa = PBXFileReference; lastKnownFileType = file.storyboard; name = Base; path = Base.lproj/LaunchScreen.storyboard; sourceTree = "<group>"; };
		AB3CB5A323A50FBA008D5806 /* Info.plist */ = {isa = PBXFileReference; lastKnownFileType = text.plist.xml; path = Info.plist; sourceTree = "<group>"; };
		AB3CB5C523A56BCE008D5806 /* GoogleService-Info.plist */ = {isa = PBXFileReference; fileEncoding = 4; lastKnownFileType = text.plist.xml; name = "GoogleService-Info.plist"; path = "../../../../Downloads/GoogleService-Info.plist"; sourceTree = "<group>"; };
		AB3CB5C723A582EF008D5806 /* BrandCollectionViewController.swift */ = {isa = PBXFileReference; lastKnownFileType = sourcecode.swift; path = BrandCollectionViewController.swift; sourceTree = "<group>"; };
		AB3CB5C923A583A9008D5806 /* BrandCollectionViewCell.swift */ = {isa = PBXFileReference; lastKnownFileType = sourcecode.swift; path = BrandCollectionViewCell.swift; sourceTree = "<group>"; };
		AB3CB5CD23A58763008D5806 /* FirebaseCollectionReferences.swift */ = {isa = PBXFileReference; lastKnownFileType = sourcecode.swift; path = FirebaseCollectionReferences.swift; sourceTree = "<group>"; };
		AB3CB5D523A58D8E008D5806 /* Constants.swift */ = {isa = PBXFileReference; lastKnownFileType = sourcecode.swift; path = Constants.swift; sourceTree = "<group>"; };
		AB3CB5D723A630C7008D5806 /* Brand.swift */ = {isa = PBXFileReference; lastKnownFileType = sourcecode.swift; path = Brand.swift; sourceTree = "<group>"; };
		AB3CB5D923A63965008D5806 /* Category.swift */ = {isa = PBXFileReference; lastKnownFileType = sourcecode.swift; path = Category.swift; sourceTree = "<group>"; };
		AB3CB5DF23A678C4008D5806 /* CategoryCollectionViewCell.swift */ = {isa = PBXFileReference; lastKnownFileType = sourcecode.swift; path = CategoryCollectionViewCell.swift; sourceTree = "<group>"; };
		AB3CB5E123A678F0008D5806 /* CategoryCollectionViewController.swift */ = {isa = PBXFileReference; lastKnownFileType = sourcecode.swift; path = CategoryCollectionViewController.swift; sourceTree = "<group>"; };
		C45BC352CDACD5035D23AC90 /* Pods-AutoCare.release.xcconfig */ = {isa = PBXFileReference; includeInIndex = 1; lastKnownFileType = text.xcconfig; name = "Pods-AutoCare.release.xcconfig"; path = "Target Support Files/Pods-AutoCare/Pods-AutoCare.release.xcconfig"; sourceTree = "<group>"; };
		C4A3071E7D8B9A8138AE1F05 /* Pods-AutoCareTests.debug.xcconfig */ = {isa = PBXFileReference; includeInIndex = 1; lastKnownFileType = text.xcconfig; name = "Pods-AutoCareTests.debug.xcconfig"; path = "Target Support Files/Pods-AutoCareTests/Pods-AutoCareTests.debug.xcconfig"; sourceTree = "<group>"; };
		F0C080F19CBB8521D4A8C8C2 /* Pods-AutoCare.debug.xcconfig */ = {isa = PBXFileReference; includeInIndex = 1; lastKnownFileType = text.xcconfig; name = "Pods-AutoCare.debug.xcconfig"; path = "Target Support Files/Pods-AutoCare/Pods-AutoCare.debug.xcconfig"; sourceTree = "<group>"; };
/* End PBXFileReference section */

/* Begin PBXFrameworksBuildPhase section */
		AB3CB58F23A50FB9008D5806 /* Frameworks */ = {
			isa = PBXFrameworksBuildPhase;
			buildActionMask = 2147483647;
			files = (
				4525A28BCD7C3C1810613D96 /* Pods_AutoCare.framework in Frameworks */,
			);
			runOnlyForDeploymentPostprocessing = 0;
		};
/* End PBXFrameworksBuildPhase section */

/* Begin PBXGroup section */
		4AB6CC04B0370EC829F7CA22 /* Pods */ = {
			isa = PBXGroup;
			children = (
				F0C080F19CBB8521D4A8C8C2 /* Pods-AutoCare.debug.xcconfig */,
				C45BC352CDACD5035D23AC90 /* Pods-AutoCare.release.xcconfig */,
				616973A8CA8207D4A0C09810 /* Pods-AutoCare-AutoCareUITests.debug.xcconfig */,
				9A8503B30BC2A1592FDE3F0D /* Pods-AutoCare-AutoCareUITests.release.xcconfig */,
				C4A3071E7D8B9A8138AE1F05 /* Pods-AutoCareTests.debug.xcconfig */,
				44FF3078CF73A44BCCFBA073 /* Pods-AutoCareTests.release.xcconfig */,
			);
			path = Pods;
			sourceTree = "<group>";
		};
		785146D10D40883B63631581 /* Frameworks */ = {
			isa = PBXGroup;
			children = (
				9668954C6AB8289F3C3BB9A1 /* Pods_AutoCare.framework */,
				78B694D2888FFD476F5607BF /* Pods_AutoCare_AutoCareUITests.framework */,
				A003338863156400190851D9 /* Pods_AutoCareTests.framework */,
			);
			name = Frameworks;
			sourceTree = "<group>";
		};
		AB3CB58923A50FB9008D5806 = {
			isa = PBXGroup;
			children = (
				AB3CB59423A50FB9008D5806 /* AutoCare */,
				AB3CB59323A50FB9008D5806 /* Products */,
				4AB6CC04B0370EC829F7CA22 /* Pods */,
				785146D10D40883B63631581 /* Frameworks */,
			);
			sourceTree = "<group>";
		};
		AB3CB59323A50FB9008D5806 /* Products */ = {
			isa = PBXGroup;
			children = (
				AB3CB59223A50FB9008D5806 /* AutoCare.app */,
			);
			name = Products;
			sourceTree = "<group>";
		};
		AB3CB59423A50FB9008D5806 /* AutoCare */ = {
			isa = PBXGroup;
			children = (
				AB3CB59523A50FB9008D5806 /* AppDelegate.swift */,
				AB3CB59E23A50FBA008D5806 /* Assets.xcassets */,
				AB3CB5D123A58BDD008D5806 /* Custom Cells */,
				AB3CB5C523A56BCE008D5806 /* GoogleService-Info.plist */,
				AB3CB5CF23A58BBA008D5806 /* Helpers */,
				AB3CB5A323A50FBA008D5806 /* Info.plist */,
				AB3CB5A023A50FBA008D5806 /* LaunchScreen.storyboard */,
				AB3CB5D023A58BC8008D5806 /* Main Views */,
				AB3CB59B23A50FB9008D5806 /* Main.storyboard */,
				AB3CB5D423A58C07008D5806 /* Model */,
				AB3CB59723A50FB9008D5806 /* SceneDelegate.swift */,
			);
			path = AutoCare;
			sourceTree = "<group>";
		};
		AB3CB5CF23A58BBA008D5806 /* Helpers */ = {
			isa = PBXGroup;
			children = (
				AB3CB5CD23A58763008D5806 /* FirebaseCollectionReferences.swift */,
				AB3CB5D523A58D8E008D5806 /* Constants.swift */,
			);
			path = Helpers;
			sourceTree = "<group>";
		};
		AB3CB5D023A58BC8008D5806 /* Main Views */ = {
			isa = PBXGroup;
			children = (
				AB3CB5C723A582EF008D5806 /* BrandCollectionViewController.swift */,
				AB3CB5E123A678F0008D5806 /* CategoryCollectionViewController.swift */,
			);
			path = "Main Views";
			sourceTree = "<group>";
		};
		AB3CB5D123A58BDD008D5806 /* Custom Cells */ = {
			isa = PBXGroup;
			children = (
				AB3CB5C923A583A9008D5806 /* BrandCollectionViewCell.swift */,
				AB3CB5DF23A678C4008D5806 /* CategoryCollectionViewCell.swift */,
			);
			path = "Custom Cells";
			sourceTree = "<group>";
		};
		AB3CB5D423A58C07008D5806 /* Model */ = {
			isa = PBXGroup;
			children = (
				AB3CB5D723A630C7008D5806 /* Brand.swift */,
				AB3CB5D923A63965008D5806 /* Category.swift */,
			);
			path = Model;
			sourceTree = "<group>";
		};
/* End PBXGroup section */

/* Begin PBXNativeTarget section */
		AB3CB59123A50FB9008D5806 /* AutoCare */ = {
			isa = PBXNativeTarget;
			buildConfigurationList = AB3CB5BC23A50FBB008D5806 /* Build configuration list for PBXNativeTarget "AutoCare" */;
			buildPhases = (
				72FC66A18720CF3D47FDDFF6 /* [CP] Check Pods Manifest.lock */,
				AB3CB58E23A50FB9008D5806 /* Sources */,
				AB3CB58F23A50FB9008D5806 /* Frameworks */,
				AB3CB59023A50FB9008D5806 /* Resources */,
				E6A2D0B11703090ADEC5E8DD /* [CP] Embed Pods Frameworks */,
			);
			buildRules = (
			);
			dependencies = (
			);
			name = AutoCare;
			productName = AutoCare;
			productReference = AB3CB59223A50FB9008D5806 /* AutoCare.app */;
			productType = "com.apple.product-type.application";
		};
/* End PBXNativeTarget section */

/* Begin PBXProject section */
		AB3CB58A23A50FB9008D5806 /* Project object */ = {
			isa = PBXProject;
			attributes = {
				LastSwiftUpdateCheck = 1130;
				LastUpgradeCheck = 1130;
				ORGANIZATIONNAME = Kilz;
				TargetAttributes = {
					AB3CB59123A50FB9008D5806 = {
						CreatedOnToolsVersion = 11.3;
					};
				};
			};
			buildConfigurationList = AB3CB58D23A50FB9008D5806 /* Build configuration list for PBXProject "AutoCare" */;
			compatibilityVersion = "Xcode 9.3";
			developmentRegion = en;
			hasScannedForEncodings = 0;
			knownRegions = (
				en,
				Base,
			);
			mainGroup = AB3CB58923A50FB9008D5806;
			productRefGroup = AB3CB59323A50FB9008D5806 /* Products */;
			projectDirPath = "";
			projectRoot = "";
			targets = (
				AB3CB59123A50FB9008D5806 /* AutoCare */,
			);
		};
/* End PBXProject section */

/* Begin PBXResourcesBuildPhase section */
		AB3CB59023A50FB9008D5806 /* Resources */ = {
			isa = PBXResourcesBuildPhase;
			buildActionMask = 2147483647;
			files = (
				AB3CB5A223A50FBA008D5806 /* LaunchScreen.storyboard in Resources */,
				AB3CB5C623A56BCE008D5806 /* GoogleService-Info.plist in Resources */,
				AB3CB59F23A50FBA008D5806 /* Assets.xcassets in Resources */,
				AB3CB59D23A50FB9008D5806 /* Main.storyboard in Resources */,
			);
			runOnlyForDeploymentPostprocessing = 0;
		};
/* End PBXResourcesBuildPhase section */

/* Begin PBXShellScriptBuildPhase section */
		72FC66A18720CF3D47FDDFF6 /* [CP] Check Pods Manifest.lock */ = {
			isa = PBXShellScriptBuildPhase;
			buildActionMask = 2147483647;
			files = (
			);
			inputFileListPaths = (
			);
			inputPaths = (
				"${PODS_PODFILE_DIR_PATH}/Podfile.lock",
				"${PODS_ROOT}/Manifest.lock",
			);
			name = "[CP] Check Pods Manifest.lock";
			outputFileListPaths = (
			);
			outputPaths = (
				"$(DERIVED_FILE_DIR)/Pods-AutoCare-checkManifestLockResult.txt",
			);
			runOnlyForDeploymentPostprocessing = 0;
			shellPath = /bin/sh;
			shellScript = "diff \"${PODS_PODFILE_DIR_PATH}/Podfile.lock\" \"${PODS_ROOT}/Manifest.lock\" > /dev/null\nif [ $? != 0 ] ; then\n    # print error to STDERR\n    echo \"error: The sandbox is not in sync with the Podfile.lock. Run 'pod install' or update your CocoaPods installation.\" >&2\n    exit 1\nfi\n# This output is used by Xcode 'outputs' to avoid re-running this script phase.\necho \"SUCCESS\" > \"${SCRIPT_OUTPUT_FILE_0}\"\n";
			showEnvVarsInLog = 0;
		};
		E6A2D0B11703090ADEC5E8DD /* [CP] Embed Pods Frameworks */ = {
			isa = PBXShellScriptBuildPhase;
			buildActionMask = 2147483647;
			files = (
			);
			inputFileListPaths = (
				"${PODS_ROOT}/Target Support Files/Pods-AutoCare/Pods-AutoCare-frameworks-${CONFIGURATION}-input-files.xcfilelist",
			);
			name = "[CP] Embed Pods Frameworks";
			outputFileListPaths = (
				"${PODS_ROOT}/Target Support Files/Pods-AutoCare/Pods-AutoCare-frameworks-${CONFIGURATION}-output-files.xcfilelist",
			);
			runOnlyForDeploymentPostprocessing = 0;
			shellPath = /bin/sh;
			shellScript = "\"${PODS_ROOT}/Target Support Files/Pods-AutoCare/Pods-AutoCare-frameworks.sh\"\n";
			showEnvVarsInLog = 0;
		};
/* End PBXShellScriptBuildPhase section */

/* Begin PBXSourcesBuildPhase section */
		AB3CB58E23A50FB9008D5806 /* Sources */ = {
			isa = PBXSourcesBuildPhase;
			buildActionMask = 2147483647;
			files = (
				AB3CB5E223A678F0008D5806 /* CategoryCollectionViewController.swift in Sources */,
				AB3CB5C823A582EF008D5806 /* BrandCollectionViewController.swift in Sources */,
				AB3CB5CE23A58763008D5806 /* FirebaseCollectionReferences.swift in Sources */,
				AB3CB59623A50FB9008D5806 /* AppDelegate.swift in Sources */,
				AB3CB5D623A58D8E008D5806 /* Constants.swift in Sources */,
				AB3CB5E023A678C4008D5806 /* CategoryCollectionViewCell.swift in Sources */,
				AB3CB5D823A630C7008D5806 /* Brand.swift in Sources */,
				AB3CB5CA23A583A9008D5806 /* BrandCollectionViewCell.swift in Sources */,
				AB3CB59823A50FB9008D5806 /* SceneDelegate.swift in Sources */,
				AB3CB5DA23A63965008D5806 /* Category.swift in Sources */,
			);
			runOnlyForDeploymentPostprocessing = 0;
		};
/* End PBXSourcesBuildPhase section */

/* Begin PBXVariantGroup section */
		AB3CB59B23A50FB9008D5806 /* Main.storyboard */ = {
			isa = PBXVariantGroup;
			children = (
				AB3CB59C23A50FB9008D5806 /* Base */,
			);
			name = Main.storyboard;
			sourceTree = "<group>";
		};
		AB3CB5A023A50FBA008D5806 /* LaunchScreen.storyboard */ = {
			isa = PBXVariantGroup;
			children = (
				AB3CB5A123A50FBA008D5806 /* Base */,
			);
			name = LaunchScreen.storyboard;
			sourceTree = "<group>";
		};
/* End PBXVariantGroup section */

/* Begin XCBuildConfiguration section */
		AB3CB5BA23A50FBB008D5806 /* Debug */ = {
			isa = XCBuildConfiguration;
			buildSettings = {
				ALWAYS_SEARCH_USER_PATHS = NO;
				CLANG_ANALYZER_NONNULL = YES;
				CLANG_ANALYZER_NUMBER_OBJECT_CONVERSION = YES_AGGRESSIVE;
				CLANG_CXX_LANGUAGE_STANDARD = "gnu++14";
				CLANG_CXX_LIBRARY = "libc++";
				CLANG_ENABLE_MODULES = YES;
				CLANG_ENABLE_OBJC_ARC = YES;
				CLANG_ENABLE_OBJC_WEAK = YES;
				CLANG_WARN_BLOCK_CAPTURE_AUTORELEASING = YES;
				CLANG_WARN_BOOL_CONVERSION = YES;
				CLANG_WARN_COMMA = YES;
				CLANG_WARN_CONSTANT_CONVERSION = YES;
				CLANG_WARN_DEPRECATED_OBJC_IMPLEMENTATIONS = YES;
				CLANG_WARN_DIRECT_OBJC_ISA_USAGE = YES_ERROR;
				CLANG_WARN_DOCUMENTATION_COMMENTS = YES;
				CLANG_WARN_EMPTY_BODY = YES;
				CLANG_WARN_ENUM_CONVERSION = YES;
				CLANG_WARN_INFINITE_RECURSION = YES;
				CLANG_WARN_INT_CONVERSION = YES;
				CLANG_WARN_NON_LITERAL_NULL_CONVERSION = YES;
				CLANG_WARN_OBJC_IMPLICIT_RETAIN_SELF = YES;
				CLANG_WARN_OBJC_LITERAL_CONVERSION = YES;
				CLANG_WARN_OBJC_ROOT_CLASS = YES_ERROR;
				CLANG_WARN_RANGE_LOOP_ANALYSIS = YES;
				CLANG_WARN_STRICT_PROTOTYPES = YES;
				CLANG_WARN_SUSPICIOUS_MOVE = YES;
				CLANG_WARN_UNGUARDED_AVAILABILITY = YES_AGGRESSIVE;
				CLANG_WARN_UNREACHABLE_CODE = YES;
				CLANG_WARN__DUPLICATE_METHOD_MATCH = YES;
				COPY_PHASE_STRIP = NO;
				DEBUG_INFORMATION_FORMAT = dwarf;
				ENABLE_STRICT_OBJC_MSGSEND = YES;
				ENABLE_TESTABILITY = YES;
				GCC_C_LANGUAGE_STANDARD = gnu11;
				GCC_DYNAMIC_NO_PIC = NO;
				GCC_NO_COMMON_BLOCKS = YES;
				GCC_OPTIMIZATION_LEVEL = 0;
				GCC_PREPROCESSOR_DEFINITIONS = (
					"DEBUG=1",
					"$(inherited)",
				);
				GCC_WARN_64_TO_32_BIT_CONVERSION = YES;
				GCC_WARN_ABOUT_RETURN_TYPE = YES_ERROR;
				GCC_WARN_UNDECLARED_SELECTOR = YES;
				GCC_WARN_UNINITIALIZED_AUTOS = YES_AGGRESSIVE;
				GCC_WARN_UNUSED_FUNCTION = YES;
				GCC_WARN_UNUSED_VARIABLE = YES;
				IPHONEOS_DEPLOYMENT_TARGET = 13.2;
				MTL_ENABLE_DEBUG_INFO = INCLUDE_SOURCE;
				MTL_FAST_MATH = YES;
				ONLY_ACTIVE_ARCH = YES;
				SDKROOT = iphoneos;
				SWIFT_ACTIVE_COMPILATION_CONDITIONS = DEBUG;
				SWIFT_OPTIMIZATION_LEVEL = "-Onone";
			};
			name = Debug;
		};
		AB3CB5BB23A50FBB008D5806 /* Release */ = {
			isa = XCBuildConfiguration;
			buildSettings = {
				ALWAYS_SEARCH_USER_PATHS = NO;
				CLANG_ANALYZER_NONNULL = YES;
				CLANG_ANALYZER_NUMBER_OBJECT_CONVERSION = YES_AGGRESSIVE;
				CLANG_CXX_LANGUAGE_STANDARD = "gnu++14";
				CLANG_CXX_LIBRARY = "libc++";
				CLANG_ENABLE_MODULES = YES;
				CLANG_ENABLE_OBJC_ARC = YES;
				CLANG_ENABLE_OBJC_WEAK = YES;
				CLANG_WARN_BLOCK_CAPTURE_AUTORELEASING = YES;
				CLANG_WARN_BOOL_CONVERSION = YES;
				CLANG_WARN_COMMA = YES;
				CLANG_WARN_CONSTANT_CONVERSION = YES;
				CLANG_WARN_DEPRECATED_OBJC_IMPLEMENTATIONS = YES;
				CLANG_WARN_DIRECT_OBJC_ISA_USAGE = YES_ERROR;
				CLANG_WARN_DOCUMENTATION_COMMENTS = YES;
				CLANG_WARN_EMPTY_BODY = YES;
				CLANG_WARN_ENUM_CONVERSION = YES;
				CLANG_WARN_INFINITE_RECURSION = YES;
				CLANG_WARN_INT_CONVERSION = YES;
				CLANG_WARN_NON_LITERAL_NULL_CONVERSION = YES;
				CLANG_WARN_OBJC_IMPLICIT_RETAIN_SELF = YES;
				CLANG_WARN_OBJC_LITERAL_CONVERSION = YES;
				CLANG_WARN_OBJC_ROOT_CLASS = YES_ERROR;
				CLANG_WARN_RANGE_LOOP_ANALYSIS = YES;
				CLANG_WARN_STRICT_PROTOTYPES = YES;
				CLANG_WARN_SUSPICIOUS_MOVE = YES;
				CLANG_WARN_UNGUARDED_AVAILABILITY = YES_AGGRESSIVE;
				CLANG_WARN_UNREACHABLE_CODE = YES;
				CLANG_WARN__DUPLICATE_METHOD_MATCH = YES;
				COPY_PHASE_STRIP = NO;
				DEBUG_INFORMATION_FORMAT = "dwarf-with-dsym";
				ENABLE_NS_ASSERTIONS = NO;
				ENABLE_STRICT_OBJC_MSGSEND = YES;
				GCC_C_LANGUAGE_STANDARD = gnu11;
				GCC_NO_COMMON_BLOCKS = YES;
				GCC_WARN_64_TO_32_BIT_CONVERSION = YES;
				GCC_WARN_ABOUT_RETURN_TYPE = YES_ERROR;
				GCC_WARN_UNDECLARED_SELECTOR = YES;
				GCC_WARN_UNINITIALIZED_AUTOS = YES_AGGRESSIVE;
				GCC_WARN_UNUSED_FUNCTION = YES;
				GCC_WARN_UNUSED_VARIABLE = YES;
				IPHONEOS_DEPLOYMENT_TARGET = 13.2;
				MTL_ENABLE_DEBUG_INFO = NO;
				MTL_FAST_MATH = YES;
				SDKROOT = iphoneos;
				SWIFT_COMPILATION_MODE = wholemodule;
				SWIFT_OPTIMIZATION_LEVEL = "-O";
				VALIDATE_PRODUCT = YES;
			};
			name = Release;
		};
		AB3CB5BD23A50FBB008D5806 /* Debug */ = {
			isa = XCBuildConfiguration;
			baseConfigurationReference = F0C080F19CBB8521D4A8C8C2 /* Pods-AutoCare.debug.xcconfig */;
			buildSettings = {
				ASSETCATALOG_COMPILER_APPICON_NAME = AppIcon;
				CODE_SIGN_STYLE = Automatic;
				DEVELOPMENT_TEAM = 5Z3UL2PDB7;
				INFOPLIST_FILE = AutoCare/Info.plist;
				LD_RUNPATH_SEARCH_PATHS = (
					"$(inherited)",
					"@executable_path/Frameworks",
				);
				PRODUCT_BUNDLE_IDENTIFIER = AutoCare3.AutoCare;
				PRODUCT_NAME = "$(TARGET_NAME)";
				SWIFT_VERSION = 5.0;
				TARGETED_DEVICE_FAMILY = "1,2";
			};
			name = Debug;
		};
		AB3CB5BE23A50FBB008D5806 /* Release */ = {
			isa = XCBuildConfiguration;
			baseConfigurationReference = C45BC352CDACD5035D23AC90 /* Pods-AutoCare.release.xcconfig */;
			buildSettings = {
				ASSETCATALOG_COMPILER_APPICON_NAME = AppIcon;
				CODE_SIGN_STYLE = Automatic;
				DEVELOPMENT_TEAM = 5Z3UL2PDB7;
				INFOPLIST_FILE = AutoCare/Info.plist;
				LD_RUNPATH_SEARCH_PATHS = (
					"$(inherited)",
					"@executable_path/Frameworks",
				);
				PRODUCT_BUNDLE_IDENTIFIER = AutoCare3.AutoCare;
				PRODUCT_NAME = "$(TARGET_NAME)";
				SWIFT_VERSION = 5.0;
				TARGETED_DEVICE_FAMILY = "1,2";
			};
			name = Release;
		};
/* End XCBuildConfiguration section */

/* Begin XCConfigurationList section */
		AB3CB58D23A50FB9008D5806 /* Build configuration list for PBXProject "AutoCare" */ = {
			isa = XCConfigurationList;
			buildConfigurations = (
				AB3CB5BA23A50FBB008D5806 /* Debug */,
				AB3CB5BB23A50FBB008D5806 /* Release */,
			);
			defaultConfigurationIsVisible = 0;
			defaultConfigurationName = Release;
		};
		AB3CB5BC23A50FBB008D5806 /* Build configuration list for PBXNativeTarget "AutoCare" */ = {
			isa = XCConfigurationList;
			buildConfigurations = (
				AB3CB5BD23A50FBB008D5806 /* Debug */,
				AB3CB5BE23A50FBB008D5806 /* Release */,
			);
			defaultConfigurationIsVisible = 0;
			defaultConfigurationName = Release;
		};
/* End XCConfigurationList section */
	};
	rootObject = AB3CB58A23A50FB9008D5806 /* Project object */;
}
